
Microsoft Visual Studio Solution File, Format Version 12.00
# Visual Studio Version 16
VisualStudioVersion = 16.0.31624.102
MinimumVisualStudioVersion = 10.0.40219.1
Project("{FAE04EC0-301F-11D3-BF4B-00C04F79EFBC}") = "LineComparisonProblem", "LineComparisonProblem\LineComparisonProblem.csproj", "{192447B3-E1E4-47B4-9146-85EB9912E609}"
EndProject
Global
	GlobalSection(SolutionConfigurationPlatforms) = preSolution
		Debug|Any CPU = Debug|Any CPU
		Release|Any CPU = Release|Any CPU
	EndGlobalSection
	GlobalSection(ProjectConfigurationPlatforms) = postSolution
		{192447B3-E1E4-47B4-9146-85EB9912E609}.Debug|Any CPU.ActiveCfg = Debug|Any CPU
		{192447B3-E1E4-47B4-9146-85EB9912E609}.Debug|Any CPU.Build.0 = Debug|Any CPU
		{192447B3-E1E4-47B4-9146-85EB9912E609}.Release|Any CPU.ActiveCfg = Release|Any CPU
		{192447B3-E1E4-47B4-9146-85EB9912E609}.Release|Any CPU.Build.0 = Release|Any CPU
	EndGlobalSection
	GlobalSection(SolutionProperties) = preSolution
		HideSolutionNode = FALSE
	EndGlobalSection
	GlobalSection(ExtensibilityGlobals) = postSolution
		SolutionGuid = {92268450-B898-4B76-9280-90283D2124B7}
	EndGlobalSection
EndGlobal
